
Microsoft Visual Studio Solution File, Format Version 12.00
Project("{FAE04EC0-301F-11D3-BF4B-00C04F79EFBC}") = "CVNetCore", "CVNetCore/CVNetCore.csproj", "{C515A54C-C84F-4667-8CEC-F3FDE8E5BEC5}"
EndProject
Project("{FAE04EC0-301F-11D3-BF4B-00C04F79EFBC}") = "CVNetCoreTests", "CVNetCoreTests\CVNetCoreTests.csproj", "{C345CA92-7486-492C-B831-7FC63006F76B}"
EndProject
Project("{FAE04EC0-301F-11D3-BF4B-00C04F79EFBC}") = "CVNetCoreTestClient", "CVNetCoreTestClient\CVNetCoreTestClient.csproj", "{4CE7FDFA-2335-46C3-9ABC-58424F73EC51}"
EndProject
Global
	GlobalSection(SolutionConfigurationPlatforms) = preSolution
		Debug|Any CPU = Debug|Any CPU
		Release|Any CPU = Release|Any CPU
	EndGlobalSection
	GlobalSection(ProjectConfigurationPlatforms) = postSolution
		{C515A54C-C84F-4667-8CEC-F3FDE8E5BEC5}.Debug|Any CPU.ActiveCfg = Debug|Any CPU
		{C515A54C-C84F-4667-8CEC-F3FDE8E5BEC5}.Debug|Any CPU.Build.0 = Debug|Any CPU
		{C515A54C-C84F-4667-8CEC-F3FDE8E5BEC5}.Release|Any CPU.ActiveCfg = Release|Any CPU
		{C515A54C-C84F-4667-8CEC-F3FDE8E5BEC5}.Release|Any CPU.Build.0 = Release|Any CPU
		{C345CA92-7486-492C-B831-7FC63006F76B}.Debug|Any CPU.ActiveCfg = Debug|Any CPU
		{C345CA92-7486-492C-B831-7FC63006F76B}.Debug|Any CPU.Build.0 = Debug|Any CPU
		{C345CA92-7486-492C-B831-7FC63006F76B}.Release|Any CPU.ActiveCfg = Release|Any CPU
		{C345CA92-7486-492C-B831-7FC63006F76B}.Release|Any CPU.Build.0 = Release|Any CPU
		{4CE7FDFA-2335-46C3-9ABC-58424F73EC51}.Debug|Any CPU.ActiveCfg = Debug|Any CPU
		{4CE7FDFA-2335-46C3-9ABC-58424F73EC51}.Debug|Any CPU.Build.0 = Debug|Any CPU
		{4CE7FDFA-2335-46C3-9ABC-58424F73EC51}.Release|Any CPU.ActiveCfg = Release|Any CPU
		{4CE7FDFA-2335-46C3-9ABC-58424F73EC51}.Release|Any CPU.Build.0 = Release|Any CPU
	EndGlobalSection
EndGlobal
